
Microsoft Visual Studio Solution File, Format Version 12.00
# Visual Studio 15
VisualStudioVersion = 15.0.27130.2024
MinimumVisualStudioVersion = 10.0.40219.1
Project("{F2A71F9B-5D33-465A-A702-920D77279786}") = "PaketDemo.PackageA", "PaketDemo.PackageA\PaketDemo.PackageA.fsproj", "{983128BD-3FBC-452F-AB88-10405D81DB27}"
EndProject
Project("{F2A71F9B-5D33-465A-A702-920D77279786}") = "PaketDemo.PackageB", "PaketDemo.PackageB\PaketDemo.PackageB.fsproj", "{058CE0D0-CEAB-43BB-939B-AB96CE5D1747}"
EndProject
Global
	GlobalSection(SolutionConfigurationPlatforms) = preSolution
		Debug|Any CPU = Debug|Any CPU
		Release|Any CPU = Release|Any CPU
	EndGlobalSection
	GlobalSection(ProjectConfigurationPlatforms) = postSolution
		{983128BD-3FBC-452F-AB88-10405D81DB27}.Debug|Any CPU.ActiveCfg = Debug|Any CPU
		{983128BD-3FBC-452F-AB88-10405D81DB27}.Debug|Any CPU.Build.0 = Debug|Any CPU
		{983128BD-3FBC-452F-AB88-10405D81DB27}.Release|Any CPU.ActiveCfg = Release|Any CPU
		{983128BD-3FBC-452F-AB88-10405D81DB27}.Release|Any CPU.Build.0 = Release|Any CPU
		{058CE0D0-CEAB-43BB-939B-AB96CE5D1747}.Debug|Any CPU.ActiveCfg = Debug|Any CPU
		{058CE0D0-CEAB-43BB-939B-AB96CE5D1747}.Debug|Any CPU.Build.0 = Debug|Any CPU
		{058CE0D0-CEAB-43BB-939B-AB96CE5D1747}.Release|Any CPU.ActiveCfg = Release|Any CPU
		{058CE0D0-CEAB-43BB-939B-AB96CE5D1747}.Release|Any CPU.Build.0 = Release|Any CPU
	EndGlobalSection
	GlobalSection(SolutionProperties) = preSolution
		HideSolutionNode = FALSE
	EndGlobalSection
	GlobalSection(ExtensibilityGlobals) = postSolution
		SolutionGuid = {FD1C2CAD-DF74-4A44-A009-A682A336341A}
	EndGlobalSection
EndGlobal
